
Microsoft Visual Studio Solution File, Format Version 12.00
# Visual Studio Version 16
VisualStudioVersion = 16.0.29728.190
MinimumVisualStudioVersion = 10.0.40219.1
Project("{FAE04EC0-301F-11D3-BF4B-00C04F79EFBC}") = "azure-project1", "azure-project1\azure-project1.csproj", "{B2F027B1-A88B-46D0-BB65-AB6B9E561A3B}"
EndProject
Global
	GlobalSection(SolutionConfigurationPlatforms) = preSolution
		Debug|Any CPU = Debug|Any CPU
		Release|Any CPU = Release|Any CPU
	EndGlobalSection
	GlobalSection(ProjectConfigurationPlatforms) = postSolution
		{B2F027B1-A88B-46D0-BB65-AB6B9E561A3B}.Debug|Any CPU.ActiveCfg = Debug|Any CPU
		{B2F027B1-A88B-46D0-BB65-AB6B9E561A3B}.Debug|Any CPU.Build.0 = Debug|Any CPU
		{B2F027B1-A88B-46D0-BB65-AB6B9E561A3B}.Release|Any CPU.ActiveCfg = Release|Any CPU
		{B2F027B1-A88B-46D0-BB65-AB6B9E561A3B}.Release|Any CPU.Build.0 = Release|Any CPU
	EndGlobalSection
	GlobalSection(SolutionProperties) = preSolution
		HideSolutionNode = FALSE
	EndGlobalSection
	GlobalSection(ExtensibilityGlobals) = postSolution
		SolutionGuid = {35F03FE5-6B58-46FA-9C75-3824548D46AA}
	EndGlobalSection
EndGlobal
